
Microsoft Visual Studio Solution File, Format Version 12.00
# Visual Studio Version 17
VisualStudioVersion = 17.11.35312.102
MinimumVisualStudioVersion = 10.0.40219.1
Project("{FAE04EC0-301F-11D3-BF4B-00C04F79EFBC}") = "WebApplication1", "WebApplication1\WebApplication1.csproj", "{4148DD6C-6C76-4945-A472-79C720CBDD38}"
EndProject
Global
	GlobalSection(SolutionConfigurationPlatforms) = preSolution
		Debug|Any CPU = Debug|Any CPU
		Release|Any CPU = Release|Any CPU
	EndGlobalSection
	GlobalSection(ProjectConfigurationPlatforms) = postSolution
		{4148DD6C-6C76-4945-A472-79C720CBDD38}.Debug|Any CPU.ActiveCfg = Debug|Any CPU
		{4148DD6C-6C76-4945-A472-79C720CBDD38}.Debug|Any CPU.Build.0 = Debug|Any CPU
		{4148DD6C-6C76-4945-A472-79C720CBDD38}.Release|Any CPU.ActiveCfg = Release|Any CPU
		{4148DD6C-6C76-4945-A472-79C720CBDD38}.Release|Any CPU.Build.0 = Release|Any CPU
	EndGlobalSection
	GlobalSection(SolutionProperties) = preSolution
		HideSolutionNode = FALSE
	EndGlobalSection
	GlobalSection(ExtensibilityGlobals) = postSolution
		SolutionGuid = {AE4D601F-FA35-4B45-8461-D16D921DE581}
	EndGlobalSection
EndGlobal
